
Microsoft Visual Studio Solution File, Format Version 12.00
# Visual Studio 15
VisualStudioVersion = 15.0.28307.705
MinimumVisualStudioVersion = 10.0.40219.1
Project("{FAE04EC0-301F-11D3-BF4B-00C04F79EFBC}") = "Yon", "Yon\Yon.csproj", "{9BE73C58-739B-439D-ADA0-3CD774602AFD}"
EndProject
Global
	GlobalSection(SolutionConfigurationPlatforms) = preSolution
		Debug|Any CPU = Debug|Any CPU
		Release|Any CPU = Release|Any CPU
		Testing|Any CPU = Testing|Any CPU
	EndGlobalSection
	GlobalSection(ProjectConfigurationPlatforms) = postSolution
		{9BE73C58-739B-439D-ADA0-3CD774602AFD}.Debug|Any CPU.ActiveCfg = Debug|Any CPU
		{9BE73C58-739B-439D-ADA0-3CD774602AFD}.Debug|Any CPU.Build.0 = Debug|Any CPU
		{9BE73C58-739B-439D-ADA0-3CD774602AFD}.Release|Any CPU.ActiveCfg = Release|Any CPU
		{9BE73C58-739B-439D-ADA0-3CD774602AFD}.Release|Any CPU.Build.0 = Release|Any CPU
		{9BE73C58-739B-439D-ADA0-3CD774602AFD}.Testing|Any CPU.ActiveCfg = Testing|Any CPU
		{9BE73C58-739B-439D-ADA0-3CD774602AFD}.Testing|Any CPU.Build.0 = Testing|Any CPU
	EndGlobalSection
	GlobalSection(SolutionProperties) = preSolution
		HideSolutionNode = FALSE
	EndGlobalSection
	GlobalSection(ExtensibilityGlobals) = postSolution
		SolutionGuid = {84F0066C-6B41-4BD2-A71A-E039D51C3970}
	EndGlobalSection
EndGlobal
